// !$*UTF8*$!
{
	archiveVersion = 1;
	classes = {
	};
	objectVersion = 50;
	objects = {

/* Begin PBXBuildFile section */
		01F3C74E6BD061252A97574B /* Pods_CodeTestUITests.framework in Frameworks */ = {isa = PBXBuildFile; fileRef = 6595490B3F03E9C26DCBA243 /* Pods_CodeTestUITests.framework */; };
		2ADDC9993210AFE3B6ED0F67 /* Pods_CodeTest.framework in Frameworks */ = {isa = PBXBuildFile; fileRef = 277385DFF7E47DFD7EF99947 /* Pods_CodeTest.framework */; };
		9E2581D92395ACF1005B7865 /* AppDelegate.m in Sources */ = {isa = PBXBuildFile; fileRef = 9E2581D82395ACF1005B7865 /* AppDelegate.m */; };
		9E2581DF2395ACF1005B7865 /* Main.storyboard in Resources */ = {isa = PBXBuildFile; fileRef = 9E2581DD2395ACF1005B7865 /* Main.storyboard */; };
		9E2581E12395ACF2005B7865 /* Assets.xcassets in Resources */ = {isa = PBXBuildFile; fileRef = 9E2581E02395ACF2005B7865 /* Assets.xcassets */; };
		9E2581E42395ACF2005B7865 /* LaunchScreen.storyboard in Resources */ = {isa = PBXBuildFile; fileRef = 9E2581E22395ACF2005B7865 /* LaunchScreen.storyboard */; };
		9E2581E72395ACF2005B7865 /* main.m in Sources */ = {isa = PBXBuildFile; fileRef = 9E2581E62395ACF2005B7865 /* main.m */; };
		9E2581F12395ACF2005B7865 /* CodeTestTests.m in Sources */ = {isa = PBXBuildFile; fileRef = 9E2581F02395ACF2005B7865 /* CodeTestTests.m */; };
		9E2581FC2395ACF2005B7865 /* CodeTestUITests.m in Sources */ = {isa = PBXBuildFile; fileRef = 9E2581FB2395ACF2005B7865 /* CodeTestUITests.m */; };
		9E25820B2395AD87005B7865 /* ListViewController.m in Sources */ = {isa = PBXBuildFile; fileRef = 9E25820A2395AD87005B7865 /* ListViewController.m */; };
		9E25820E2395AD9F005B7865 /* MapViewController.m in Sources */ = {isa = PBXBuildFile; fileRef = 9E25820D2395AD9F005B7865 /* MapViewController.m */; };
		CB13EAE18E1F3F93FEE8E251 /* Pods_CodeTestTests.framework in Frameworks */ = {isa = PBXBuildFile; fileRef = 4C899E05FFA9294B6A1B298F /* Pods_CodeTestTests.framework */; };
/* End PBXBuildFile section */

/* Begin PBXContainerItemProxy section */
		9E2581ED2395ACF2005B7865 /* PBXContainerItemProxy */ = {
			isa = PBXContainerItemProxy;
			containerPortal = 9E2581CC2395ACF1005B7865 /* Project object */;
			proxyType = 1;
			remoteGlobalIDString = 9E2581D32395ACF1005B7865;
			remoteInfo = CodeTest;
		};
		9E2581F82395ACF2005B7865 /* PBXContainerItemProxy */ = {
			isa = PBXContainerItemProxy;
			containerPortal = 9E2581CC2395ACF1005B7865 /* Project object */;
			proxyType = 1;
			remoteGlobalIDString = 9E2581D32395ACF1005B7865;
			remoteInfo = CodeTest;
		};
/* End PBXContainerItemProxy section */

/* Begin PBXFileReference section */
		2315F7DC8CA0001A3AC43917 /* Pods-CodeTestUITests.release.xcconfig */ = {isa = PBXFileReference; includeInIndex = 1; lastKnownFileType = text.xcconfig; name = "Pods-CodeTestUITests.release.xcconfig"; path = "Target Support Files/Pods-CodeTestUITests/Pods-CodeTestUITests.release.xcconfig"; sourceTree = "<group>"; };
		255FBBC7E2E77A25A5F94FFD /* Pods-CodeTestTests.release.xcconfig */ = {isa = PBXFileReference; includeInIndex = 1; lastKnownFileType = text.xcconfig; name = "Pods-CodeTestTests.release.xcconfig"; path = "Target Support Files/Pods-CodeTestTests/Pods-CodeTestTests.release.xcconfig"; sourceTree = "<group>"; };
		277385DFF7E47DFD7EF99947 /* Pods_CodeTest.framework */ = {isa = PBXFileReference; explicitFileType = wrapper.framework; includeInIndex = 0; path = Pods_CodeTest.framework; sourceTree = BUILT_PRODUCTS_DIR; };
		298773FE899D52CE6428CF52 /* Pods-CodeTest.release.xcconfig */ = {isa = PBXFileReference; includeInIndex = 1; lastKnownFileType = text.xcconfig; name = "Pods-CodeTest.release.xcconfig"; path = "Target Support Files/Pods-CodeTest/Pods-CodeTest.release.xcconfig"; sourceTree = "<group>"; };
		44789B6081AAB90D080B6026 /* Pods-CodeTestTests.debug.xcconfig */ = {isa = PBXFileReference; includeInIndex = 1; lastKnownFileType = text.xcconfig; name = "Pods-CodeTestTests.debug.xcconfig"; path = "Target Support Files/Pods-CodeTestTests/Pods-CodeTestTests.debug.xcconfig"; sourceTree = "<group>"; };
		4C899E05FFA9294B6A1B298F /* Pods_CodeTestTests.framework */ = {isa = PBXFileReference; explicitFileType = wrapper.framework; includeInIndex = 0; path = Pods_CodeTestTests.framework; sourceTree = BUILT_PRODUCTS_DIR; };
		6595490B3F03E9C26DCBA243 /* Pods_CodeTestUITests.framework */ = {isa = PBXFileReference; explicitFileType = wrapper.framework; includeInIndex = 0; path = Pods_CodeTestUITests.framework; sourceTree = BUILT_PRODUCTS_DIR; };
		9E2581D42395ACF1005B7865 /* CodeTest.app */ = {isa = PBXFileReference; explicitFileType = wrapper.application; includeInIndex = 0; path = CodeTest.app; sourceTree = BUILT_PRODUCTS_DIR; };
		9E2581D72395ACF1005B7865 /* AppDelegate.h */ = {isa = PBXFileReference; lastKnownFileType = sourcecode.c.h; path = AppDelegate.h; sourceTree = "<group>"; };
		9E2581D82395ACF1005B7865 /* AppDelegate.m */ = {isa = PBXFileReference; lastKnownFileType = sourcecode.c.objc; path = AppDelegate.m; sourceTree = "<group>"; };
		9E2581DE2395ACF1005B7865 /* Base */ = {isa = PBXFileReference; lastKnownFileType = file.storyboard; name = Base; path = Base.lproj/Main.storyboard; sourceTree = "<group>"; };
		9E2581E02395ACF2005B7865 /* Assets.xcassets */ = {isa = PBXFileReference; lastKnownFileType = folder.assetcatalog; path = Assets.xcassets; sourceTree = "<group>"; };
		9E2581E32395ACF2005B7865 /* Base */ = {isa = PBXFileReference; lastKnownFileType = file.storyboard; name = Base; path = Base.lproj/LaunchScreen.storyboard; sourceTree = "<group>"; };
		9E2581E52395ACF2005B7865 /* Info.plist */ = {isa = PBXFileReference; lastKnownFileType = text.plist.xml; path = Info.plist; sourceTree = "<group>"; };
		9E2581E62395ACF2005B7865 /* main.m */ = {isa = PBXFileReference; lastKnownFileType = sourcecode.c.objc; path = main.m; sourceTree = "<group>"; };
		9E2581EC2395ACF2005B7865 /* CodeTestTests.xctest */ = {isa = PBXFileReference; explicitFileType = wrapper.cfbundle; includeInIndex = 0; path = CodeTestTests.xctest; sourceTree = BUILT_PRODUCTS_DIR; };
		9E2581F02395ACF2005B7865 /* CodeTestTests.m */ = {isa = PBXFileReference; lastKnownFileType = sourcecode.c.objc; path = CodeTestTests.m; sourceTree = "<group>"; };
		9E2581F22395ACF2005B7865 /* Info.plist */ = {isa = PBXFileReference; lastKnownFileType = text.plist.xml; path = Info.plist; sourceTree = "<group>"; };
		9E2581F72395ACF2005B7865 /* CodeTestUITests.xctest */ = {isa = PBXFileReference; explicitFileType = wrapper.cfbundle; includeInIndex = 0; path = CodeTestUITests.xctest; sourceTree = BUILT_PRODUCTS_DIR; };
		9E2581FB2395ACF2005B7865 /* CodeTestUITests.m */ = {isa = PBXFileReference; lastKnownFileType = sourcecode.c.objc; path = CodeTestUITests.m; sourceTree = "<group>"; };
		9E2581FD2395ACF2005B7865 /* Info.plist */ = {isa = PBXFileReference; lastKnownFileType = text.plist.xml; path = Info.plist; sourceTree = "<group>"; };
		9E2582092395AD87005B7865 /* ListViewController.h */ = {isa = PBXFileReference; lastKnownFileType = sourcecode.c.h; path = ListViewController.h; sourceTree = "<group>"; };
		9E25820A2395AD87005B7865 /* ListViewController.m */ = {isa = PBXFileReference; lastKnownFileType = sourcecode.c.objc; path = ListViewController.m; sourceTree = "<group>"; };
		9E25820C2395AD9F005B7865 /* MapViewController.h */ = {isa = PBXFileReference; lastKnownFileType = sourcecode.c.h; path = MapViewController.h; sourceTree = "<group>"; };
		9E25820D2395AD9F005B7865 /* MapViewController.m */ = {isa = PBXFileReference; lastKnownFileType = sourcecode.c.objc; path = MapViewController.m; sourceTree = "<group>"; };
		BBD44564434F2DDFC4CED36D /* Pods-CodeTestUITests.debug.xcconfig */ = {isa = PBXFileReference; includeInIndex = 1; lastKnownFileType = text.xcconfig; name = "Pods-CodeTestUITests.debug.xcconfig"; path = "Target Support Files/Pods-CodeTestUITests/Pods-CodeTestUITests.debug.xcconfig"; sourceTree = "<group>"; };
		E34D786A086FED8DCE24F9A1 /* Pods-CodeTest.debug.xcconfig */ = {isa = PBXFileReference; includeInIndex = 1; lastKnownFileType = text.xcconfig; name = "Pods-CodeTest.debug.xcconfig"; path = "Target Support Files/Pods-CodeTest/Pods-CodeTest.debug.xcconfig"; sourceTree = "<group>"; };
/* End PBXFileReference section */

/* Begin PBXFrameworksBuildPhase section */
		9E2581D12395ACF1005B7865 /* Frameworks */ = {
			isa = PBXFrameworksBuildPhase;
			buildActionMask = 2147483647;
			files = (
				2ADDC9993210AFE3B6ED0F67 /* Pods_CodeTest.framework in Frameworks */,
			);
			runOnlyForDeploymentPostprocessing = 0;
		};
		9E2581E92395ACF2005B7865 /* Frameworks */ = {
			isa = PBXFrameworksBuildPhase;
			buildActionMask = 2147483647;
			files = (
				CB13EAE18E1F3F93FEE8E251 /* Pods_CodeTestTests.framework in Frameworks */,
			);
			runOnlyForDeploymentPostprocessing = 0;
		};
		9E2581F42395ACF2005B7865 /* Frameworks */ = {
			isa = PBXFrameworksBuildPhase;
			buildActionMask = 2147483647;
			files = (
				01F3C74E6BD061252A97574B /* Pods_CodeTestUITests.framework in Frameworks */,
			);
			runOnlyForDeploymentPostprocessing = 0;
		};
/* End PBXFrameworksBuildPhase section */

/* Begin PBXGroup section */
		9E2581CB2395ACF1005B7865 = {
			isa = PBXGroup;
			children = (
				9E2581D62395ACF1005B7865 /* CodeTest */,
				9E2581EF2395ACF2005B7865 /* CodeTestTests */,
				9E2581FA2395ACF2005B7865 /* CodeTestUITests */,
				9E2581D52395ACF1005B7865 /* Products */,
				BF1A5263898D159B92655390 /* Pods */,
				CE63A9E6010A77BB82118176 /* Frameworks */,
			);
			sourceTree = "<group>";
		};
		9E2581D52395ACF1005B7865 /* Products */ = {
			isa = PBXGroup;
			children = (
				9E2581D42395ACF1005B7865 /* CodeTest.app */,
				9E2581EC2395ACF2005B7865 /* CodeTestTests.xctest */,
				9E2581F72395ACF2005B7865 /* CodeTestUITests.xctest */,
			);
			name = Products;
			sourceTree = "<group>";
		};
		9E2581D62395ACF1005B7865 /* CodeTest */ = {
			isa = PBXGroup;
			children = (
				9E2582112395ADCC005B7865 /* ManagerClasses */,
				9E2582102395ADC1005B7865 /* CustomCells */,
				9E25820F2395ADB8005B7865 /* DataModels */,
				9E2581D72395ACF1005B7865 /* AppDelegate.h */,
				9E2581D82395ACF1005B7865 /* AppDelegate.m */,
				9E2582092395AD87005B7865 /* ListViewController.h */,
				9E25820A2395AD87005B7865 /* ListViewController.m */,
				9E25820C2395AD9F005B7865 /* MapViewController.h */,
				9E25820D2395AD9F005B7865 /* MapViewController.m */,
				9E2581DD2395ACF1005B7865 /* Main.storyboard */,
				9E2581E02395ACF2005B7865 /* Assets.xcassets */,
				9E2581E22395ACF2005B7865 /* LaunchScreen.storyboard */,
				9E2581E52395ACF2005B7865 /* Info.plist */,
				9E2581E62395ACF2005B7865 /* main.m */,
			);
			path = CodeTest;
			sourceTree = "<group>";
		};
		9E2581EF2395ACF2005B7865 /* CodeTestTests */ = {
			isa = PBXGroup;
			children = (
				9E2581F02395ACF2005B7865 /* CodeTestTests.m */,
				9E2581F22395ACF2005B7865 /* Info.plist */,
			);
			path = CodeTestTests;
			sourceTree = "<group>";
		};
		9E2581FA2395ACF2005B7865 /* CodeTestUITests */ = {
			isa = PBXGroup;
			children = (
				9E2581FB2395ACF2005B7865 /* CodeTestUITests.m */,
				9E2581FD2395ACF2005B7865 /* Info.plist */,
			);
			path = CodeTestUITests;
			sourceTree = "<group>";
		};
		9E25820F2395ADB8005B7865 /* DataModels */ = {
			isa = PBXGroup;
			children = (
			);
			path = DataModels;
			sourceTree = "<group>";
		};
		9E2582102395ADC1005B7865 /* CustomCells */ = {
			isa = PBXGroup;
			children = (
			);
			path = CustomCells;
			sourceTree = "<group>";
		};
		9E2582112395ADCC005B7865 /* ManagerClasses */ = {
			isa = PBXGroup;
			children = (
			);
			path = ManagerClasses;
			sourceTree = "<group>";
		};
		BF1A5263898D159B92655390 /* Pods */ = {
			isa = PBXGroup;
			children = (
				E34D786A086FED8DCE24F9A1 /* Pods-CodeTest.debug.xcconfig */,
				298773FE899D52CE6428CF52 /* Pods-CodeTest.release.xcconfig */,
				44789B6081AAB90D080B6026 /* Pods-CodeTestTests.debug.xcconfig */,
				255FBBC7E2E77A25A5F94FFD /* Pods-CodeTestTests.release.xcconfig */,
				BBD44564434F2DDFC4CED36D /* Pods-CodeTestUITests.debug.xcconfig */,
				2315F7DC8CA0001A3AC43917 /* Pods-CodeTestUITests.release.xcconfig */,
			);
			name = Pods;
			path = Pods;
			sourceTree = "<group>";
		};
		CE63A9E6010A77BB82118176 /* Frameworks */ = {
			isa = PBXGroup;
			children = (
				277385DFF7E47DFD7EF99947 /* Pods_CodeTest.framework */,
				4C899E05FFA9294B6A1B298F /* Pods_CodeTestTests.framework */,
				6595490B3F03E9C26DCBA243 /* Pods_CodeTestUITests.framework */,
			);
			name = Frameworks;
			sourceTree = "<group>";
		};
/* End PBXGroup section */

/* Begin PBXNativeTarget section */
		9E2581D32395ACF1005B7865 /* CodeTest */ = {
			isa = PBXNativeTarget;
			buildConfigurationList = 9E2582002395ACF2005B7865 /* Build configuration list for PBXNativeTarget "CodeTest" */;
			buildPhases = (
				FF87542A816F34A45719DD6A /* [CP] Check Pods Manifest.lock */,
				9E2581D02395ACF1005B7865 /* Sources */,
				9E2581D12395ACF1005B7865 /* Frameworks */,
				9E2581D22395ACF1005B7865 /* Resources */,
				FD55D7A19010496F461AF9F9 /* [CP] Embed Pods Frameworks */,
			);
			buildRules = (
			);
			dependencies = (
			);
			name = CodeTest;
			productName = CodeTest;
			productReference = 9E2581D42395ACF1005B7865 /* CodeTest.app */;
			productType = "com.apple.product-type.application";
		};
		9E2581EB2395ACF2005B7865 /* CodeTestTests */ = {
			isa = PBXNativeTarget;
			buildConfigurationList = 9E2582032395ACF2005B7865 /* Build configuration list for PBXNativeTarget "CodeTestTests" */;
			buildPhases = (
				93AF1AC5CBCB5B00F0A2C824 /* [CP] Check Pods Manifest.lock */,
				9E2581E82395ACF2005B7865 /* Sources */,
				9E2581E92395ACF2005B7865 /* Frameworks */,
				9E2581EA2395ACF2005B7865 /* Resources */,
			);
			buildRules = (
			);
			dependencies = (
				9E2581EE2395ACF2005B7865 /* PBXTargetDependency */,
			);
			name = CodeTestTests;
			productName = CodeTestTests;
			productReference = 9E2581EC2395ACF2005B7865 /* CodeTestTests.xctest */;
			productType = "com.apple.product-type.bundle.unit-test";
		};
		9E2581F62395ACF2005B7865 /* CodeTestUITests */ = {
			isa = PBXNativeTarget;
			buildConfigurationList = 9E2582062395ACF2005B7865 /* Build configuration list for PBXNativeTarget "CodeTestUITests" */;
			buildPhases = (
				4E036DDB843B7AC912D25EED /* [CP] Check Pods Manifest.lock */,
				9E2581F32395ACF2005B7865 /* Sources */,
				9E2581F42395ACF2005B7865 /* Frameworks */,
				9E2581F52395ACF2005B7865 /* Resources */,
			);
			buildRules = (
			);
			dependencies = (
				9E2581F92395ACF2005B7865 /* PBXTargetDependency */,
			);
			name = CodeTestUITests;
			productName = CodeTestUITests;
			productReference = 9E2581F72395ACF2005B7865 /* CodeTestUITests.xctest */;
			productType = "com.apple.product-type.bundle.ui-testing";
		};
/* End PBXNativeTarget section */

/* Begin PBXProject section */
		9E2581CC2395ACF1005B7865 /* Project object */ = {
			isa = PBXProject;
			attributes = {
				LastUpgradeCheck = 1020;
				TargetAttributes = {
					9E2581D32395ACF1005B7865 = {
						CreatedOnToolsVersion = 10.2.1;
					};
					9E2581EB2395ACF2005B7865 = {
						CreatedOnToolsVersion = 10.2.1;
						TestTargetID = 9E2581D32395ACF1005B7865;
					};
					9E2581F62395ACF2005B7865 = {
						CreatedOnToolsVersion = 10.2.1;
						TestTargetID = 9E2581D32395ACF1005B7865;
					};
				};
			};
			buildConfigurationList = 9E2581CF2395ACF1005B7865 /* Build configuration list for PBXProject "CodeTest" */;
			compatibilityVersion = "Xcode 9.3";
			developmentRegion = en;
			hasScannedForEncodings = 0;
			knownRegions = (
				en,
				Base,
			);
			mainGroup = 9E2581CB2395ACF1005B7865;
			productRefGroup = 9E2581D52395ACF1005B7865 /* Products */;
			projectDirPath = "";
			projectRoot = "";
			targets = (
				9E2581D32395ACF1005B7865 /* CodeTest */,
				9E2581EB2395ACF2005B7865 /* CodeTestTests */,
				9E2581F62395ACF2005B7865 /* CodeTestUITests */,
			);
		};
/* End PBXProject section */

/* Begin PBXResourcesBuildPhase section */
		9E2581D22395ACF1005B7865 /* Resources */ = {
			isa = PBXResourcesBuildPhase;
			buildActionMask = 2147483647;
			files = (
				9E2581E42395ACF2005B7865 /* LaunchScreen.storyboard in Resources */,
				9E2581E12395ACF2005B7865 /* Assets.xcassets in Resources */,
				9E2581DF2395ACF1005B7865 /* Main.storyboard in Resources */,
			);
			runOnlyForDeploymentPostprocessing = 0;
		};
		9E2581EA2395ACF2005B7865 /* Resources */ = {
			isa = PBXResourcesBuildPhase;
			buildActionMask = 2147483647;
			files = (
			);
			runOnlyForDeploymentPostprocessing = 0;
		};
		9E2581F52395ACF2005B7865 /* Resources */ = {
			isa = PBXResourcesBuildPhase;
			buildActionMask = 2147483647;
			files = (
			);
			runOnlyForDeploymentPostprocessing = 0;
		};
/* End PBXResourcesBuildPhase section */

/* Begin PBXShellScriptBuildPhase section */
		4E036DDB843B7AC912D25EED /* [CP] Check Pods Manifest.lock */ = {
			isa = PBXShellScriptBuildPhase;
			buildActionMask = 2147483647;
			files = (
			);
			inputFileListPaths = (
			);
			inputPaths = (
				"${PODS_PODFILE_DIR_PATH}/Podfile.lock",
				"${PODS_ROOT}/Manifest.lock",
			);
			name = "[CP] Check Pods Manifest.lock";
			outputFileListPaths = (
			);
			outputPaths = (
				"$(DERIVED_FILE_DIR)/Pods-CodeTestUITests-checkManifestLockResult.txt",
			);
			runOnlyForDeploymentPostprocessing = 0;
			shellPath = /bin/sh;
			shellScript = "diff \"${PODS_PODFILE_DIR_PATH}/Podfile.lock\" \"${PODS_ROOT}/Manifest.lock\" > /dev/null\nif [ $? != 0 ] ; then\n    # print error to STDERR\n    echo \"error: The sandbox is not in sync with the Podfile.lock. Run 'pod install' or update your CocoaPods installation.\" >&2\n    exit 1\nfi\n# This output is used by Xcode 'outputs' to avoid re-running this script phase.\necho \"SUCCESS\" > \"${SCRIPT_OUTPUT_FILE_0}\"\n";
			showEnvVarsInLog = 0;
		};
		93AF1AC5CBCB5B00F0A2C824 /* [CP] Check Pods Manifest.lock */ = {
			isa = PBXShellScriptBuildPhase;
			buildActionMask = 2147483647;
			files = (
			);
			inputFileListPaths = (
			);
			inputPaths = (
				"${PODS_PODFILE_DIR_PATH}/Podfile.lock",
				"${PODS_ROOT}/Manifest.lock",
			);
			name = "[CP] Check Pods Manifest.lock";
			outputFileListPaths = (
			);
			outputPaths = (
				"$(DERIVED_FILE_DIR)/Pods-CodeTestTests-checkManifestLockResult.txt",
			);
			runOnlyForDeploymentPostprocessing = 0;
			shellPath = /bin/sh;
			shellScript = "diff \"${PODS_PODFILE_DIR_PATH}/Podfile.lock\" \"${PODS_ROOT}/Manifest.lock\" > /dev/null\nif [ $? != 0 ] ; then\n    # print error to STDERR\n    echo \"error: The sandbox is not in sync with the Podfile.lock. Run 'pod install' or update your CocoaPods installation.\" >&2\n    exit 1\nfi\n# This output is used by Xcode 'outputs' to avoid re-running this script phase.\necho \"SUCCESS\" > \"${SCRIPT_OUTPUT_FILE_0}\"\n";
			showEnvVarsInLog = 0;
		};
		FD55D7A19010496F461AF9F9 /* [CP] Embed Pods Frameworks */ = {
			isa = PBXShellScriptBuildPhase;
			buildActionMask = 2147483647;
			files = (
			);
			inputFileListPaths = (
				"${PODS_ROOT}/Target Support Files/Pods-CodeTest/Pods-CodeTest-frameworks-${CONFIGURATION}-input-files.xcfilelist",
			);
			name = "[CP] Embed Pods Frameworks";
			outputFileListPaths = (
				"${PODS_ROOT}/Target Support Files/Pods-CodeTest/Pods-CodeTest-frameworks-${CONFIGURATION}-output-files.xcfilelist",
			);
			runOnlyForDeploymentPostprocessing = 0;
			shellPath = /bin/sh;
			shellScript = "\"${PODS_ROOT}/Target Support Files/Pods-CodeTest/Pods-CodeTest-frameworks.sh\"\n";
			showEnvVarsInLog = 0;
		};
		FF87542A816F34A45719DD6A /* [CP] Check Pods Manifest.lock */ = {
			isa = PBXShellScriptBuildPhase;
			buildActionMask = 2147483647;
			files = (
			);
			inputFileListPaths = (
			);
			inputPaths = (
				"${PODS_PODFILE_DIR_PATH}/Podfile.lock",
				"${PODS_ROOT}/Manifest.lock",
			);
			name = "[CP] Check Pods Manifest.lock";
			outputFileListPaths = (
			);
			outputPaths = (
				"$(DERIVED_FILE_DIR)/Pods-CodeTest-checkManifestLockResult.txt",
			);
			runOnlyForDeploymentPostprocessing = 0;
			shellPath = /bin/sh;
			shellScript = "diff \"${PODS_PODFILE_DIR_PATH}/Podfile.lock\" \"${PODS_ROOT}/Manifest.lock\" > /dev/null\nif [ $? != 0 ] ; then\n    # print error to STDERR\n    echo \"error: The sandbox is not in sync with the Podfile.lock. Run 'pod install' or update your CocoaPods installation.\" >&2\n    exit 1\nfi\n# This output is used by Xcode 'outputs' to avoid re-running this script phase.\necho \"SUCCESS\" > \"${SCRIPT_OUTPUT_FILE_0}\"\n";
			showEnvVarsInLog = 0;
		};
/* End PBXShellScriptBuildPhase section */

/* Begin PBXSourcesBuildPhase section */
		9E2581D02395ACF1005B7865 /* Sources */ = {
			isa = PBXSourcesBuildPhase;
			buildActionMask = 2147483647;
			files = (
				9E2581E72395ACF2005B7865 /* main.m in Sources */,
				9E25820B2395AD87005B7865 /* ListViewController.m in Sources */,
				9E2581D92395ACF1005B7865 /* AppDelegate.m in Sources */,
				9E25820E2395AD9F005B7865 /* MapViewController.m in Sources */,
			);
			runOnlyForDeploymentPostprocessing = 0;
		};
		9E2581E82395ACF2005B7865 /* Sources */ = {
			isa = PBXSourcesBuildPhase;
			buildActionMask = 2147483647;
			files = (
				9E2581F12395ACF2005B7865 /* CodeTestTests.m in Sources */,
			);
			runOnlyForDeploymentPostprocessing = 0;
		};
		9E2581F32395ACF2005B7865 /* Sources */ = {
			isa = PBXSourcesBuildPhase;
			buildActionMask = 2147483647;
			files = (
				9E2581FC2395ACF2005B7865 /* CodeTestUITests.m in Sources */,
			);
			runOnlyForDeploymentPostprocessing = 0;
		};
/* End PBXSourcesBuildPhase section */

/* Begin PBXTargetDependency section */
		9E2581EE2395ACF2005B7865 /* PBXTargetDependency */ = {
			isa = PBXTargetDependency;
			target = 9E2581D32395ACF1005B7865 /* CodeTest */;
			targetProxy = 9E2581ED2395ACF2005B7865 /* PBXContainerItemProxy */;
		};
		9E2581F92395ACF2005B7865 /* PBXTargetDependency */ = {
			isa = PBXTargetDependency;
			target = 9E2581D32395ACF1005B7865 /* CodeTest */;
			targetProxy = 9E2581F82395ACF2005B7865 /* PBXContainerItemProxy */;
		};
/* End PBXTargetDependency section */

/* Begin PBXVariantGroup section */
		9E2581DD2395ACF1005B7865 /* Main.storyboard */ = {
			isa = PBXVariantGroup;
			children = (
				9E2581DE2395ACF1005B7865 /* Base */,
			);
			name = Main.storyboard;
			sourceTree = "<group>";
		};
		9E2581E22395ACF2005B7865 /* LaunchScreen.storyboard */ = {
			isa = PBXVariantGroup;
			children = (
				9E2581E32395ACF2005B7865 /* Base */,
			);
			name = LaunchScreen.storyboard;
			sourceTree = "<group>";
		};
/* End PBXVariantGroup section */

/* Begin XCBuildConfiguration section */
		9E2581FE2395ACF2005B7865 /* Debug */ = {
			isa = XCBuildConfiguration;
			buildSettings = {
				ALWAYS_SEARCH_USER_PATHS = NO;
				CLANG_ANALYZER_NONNULL = YES;
				CLANG_ANALYZER_NUMBER_OBJECT_CONVERSION = YES_AGGRESSIVE;
				CLANG_CXX_LANGUAGE_STANDARD = "gnu++14";
				CLANG_CXX_LIBRARY = "libc++";
				CLANG_ENABLE_MODULES = YES;
				CLANG_ENABLE_OBJC_ARC = YES;
				CLANG_ENABLE_OBJC_WEAK = YES;
				CLANG_WARN_BLOCK_CAPTURE_AUTORELEASING = YES;
				CLANG_WARN_BOOL_CONVERSION = YES;
				CLANG_WARN_COMMA = YES;
				CLANG_WARN_CONSTANT_CONVERSION = YES;
				CLANG_WARN_DEPRECATED_OBJC_IMPLEMENTATIONS = YES;
				CLANG_WARN_DIRECT_OBJC_ISA_USAGE = YES_ERROR;
				CLANG_WARN_DOCUMENTATION_COMMENTS = YES;
				CLANG_WARN_EMPTY_BODY = YES;
				CLANG_WARN_ENUM_CONVERSION = YES;
				CLANG_WARN_INFINITE_RECURSION = YES;
				CLANG_WARN_INT_CONVERSION = YES;
				CLANG_WARN_NON_LITERAL_NULL_CONVERSION = YES;
				CLANG_WARN_OBJC_IMPLICIT_RETAIN_SELF = YES;
				CLANG_WARN_OBJC_LITERAL_CONVERSION = YES;
				CLANG_WARN_OBJC_ROOT_CLASS = YES_ERROR;
				CLANG_WARN_RANGE_LOOP_ANALYSIS = YES;
				CLANG_WARN_STRICT_PROTOTYPES = YES;
				CLANG_WARN_SUSPICIOUS_MOVE = YES;
				CLANG_WARN_UNGUARDED_AVAILABILITY = YES_AGGRESSIVE;
				CLANG_WARN_UNREACHABLE_CODE = YES;
				CLANG_WARN__DUPLICATE_METHOD_MATCH = YES;
				CODE_SIGN_IDENTITY = "iPhone Developer";
				COPY_PHASE_STRIP = NO;
				DEBUG_INFORMATION_FORMAT = dwarf;
				ENABLE_STRICT_OBJC_MSGSEND = YES;
				ENABLE_TESTABILITY = YES;
				GCC_C_LANGUAGE_STANDARD = gnu11;
				GCC_DYNAMIC_NO_PIC = NO;
				GCC_NO_COMMON_BLOCKS = YES;
				GCC_OPTIMIZATION_LEVEL = 0;
				GCC_PREPROCESSOR_DEFINITIONS = (
					"DEBUG=1",
					"$(inherited)",
				);
				GCC_WARN_64_TO_32_BIT_CONVERSION = YES;
				GCC_WARN_ABOUT_RETURN_TYPE = YES_ERROR;
				GCC_WARN_UNDECLARED_SELECTOR = YES;
				GCC_WARN_UNINITIALIZED_AUTOS = YES_AGGRESSIVE;
				GCC_WARN_UNUSED_FUNCTION = YES;
				GCC_WARN_UNUSED_VARIABLE = YES;
				IPHONEOS_DEPLOYMENT_TARGET = 12.2;
				MTL_ENABLE_DEBUG_INFO = INCLUDE_SOURCE;
				MTL_FAST_MATH = YES;
				ONLY_ACTIVE_ARCH = YES;
				SDKROOT = iphoneos;
			};
			name = Debug;
		};
		9E2581FF2395ACF2005B7865 /* Release */ = {
			isa = XCBuildConfiguration;
			buildSettings = {
				ALWAYS_SEARCH_USER_PATHS = NO;
				CLANG_ANALYZER_NONNULL = YES;
				CLANG_ANALYZER_NUMBER_OBJECT_CONVERSION = YES_AGGRESSIVE;
				CLANG_CXX_LANGUAGE_STANDARD = "gnu++14";
				CLANG_CXX_LIBRARY = "libc++";
				CLANG_ENABLE_MODULES = YES;
				CLANG_ENABLE_OBJC_ARC = YES;
				CLANG_ENABLE_OBJC_WEAK = YES;
				CLANG_WARN_BLOCK_CAPTURE_AUTORELEASING = YES;
				CLANG_WARN_BOOL_CONVERSION = YES;
				CLANG_WARN_COMMA = YES;
				CLANG_WARN_CONSTANT_CONVERSION = YES;
				CLANG_WARN_DEPRECATED_OBJC_IMPLEMENTATIONS = YES;
				CLANG_WARN_DIRECT_OBJC_ISA_USAGE = YES_ERROR;
				CLANG_WARN_DOCUMENTATION_COMMENTS = YES;
				CLANG_WARN_EMPTY_BODY = YES;
				CLANG_WARN_ENUM_CONVERSION = YES;
				CLANG_WARN_INFINITE_RECURSION = YES;
				CLANG_WARN_INT_CONVERSION = YES;
				CLANG_WARN_NON_LITERAL_NULL_CONVERSION = YES;
				CLANG_WARN_OBJC_IMPLICIT_RETAIN_SELF = YES;
				CLANG_WARN_OBJC_LITERAL_CONVERSION = YES;
				CLANG_WARN_OBJC_ROOT_CLASS = YES_ERROR;
				CLANG_WARN_RANGE_LOOP_ANALYSIS = YES;
				CLANG_WARN_STRICT_PROTOTYPES = YES;
				CLANG_WARN_SUSPICIOUS_MOVE = YES;
				CLANG_WARN_UNGUARDED_AVAILABILITY = YES_AGGRESSIVE;
				CLANG_WARN_UNREACHABLE_CODE = YES;
				CLANG_WARN__DUPLICATE_METHOD_MATCH = YES;
				CODE_SIGN_IDENTITY = "iPhone Developer";
				COPY_PHASE_STRIP = NO;
				DEBUG_INFORMATION_FORMAT = "dwarf-with-dsym";
				ENABLE_NS_ASSERTIONS = NO;
				ENABLE_STRICT_OBJC_MSGSEND = YES;
				GCC_C_LANGUAGE_STANDARD = gnu11;
				GCC_NO_COMMON_BLOCKS = YES;
				GCC_WARN_64_TO_32_BIT_CONVERSION = YES;
				GCC_WARN_ABOUT_RETURN_TYPE = YES_ERROR;
				GCC_WARN_UNDECLARED_SELECTOR = YES;
				GCC_WARN_UNINITIALIZED_AUTOS = YES_AGGRESSIVE;
				GCC_WARN_UNUSED_FUNCTION = YES;
				GCC_WARN_UNUSED_VARIABLE = YES;
				IPHONEOS_DEPLOYMENT_TARGET = 12.2;
				MTL_ENABLE_DEBUG_INFO = NO;
				MTL_FAST_MATH = YES;
				SDKROOT = iphoneos;
				VALIDATE_PRODUCT = YES;
			};
			name = Release;
		};
		9E2582012395ACF2005B7865 /* Debug */ = {
			isa = XCBuildConfiguration;
			baseConfigurationReference = E34D786A086FED8DCE24F9A1 /* Pods-CodeTest.debug.xcconfig */;
			buildSettings = {
				ASSETCATALOG_COMPILER_APPICON_NAME = AppIcon;
				CODE_SIGN_STYLE = Automatic;
				DEVELOPMENT_TEAM = 3N7J2Y6R4Y;
				INFOPLIST_FILE = CodeTest/Info.plist;
				LD_RUNPATH_SEARCH_PATHS = (
					"$(inherited)",
					"@executable_path/Frameworks",
				);
				PRODUCT_BUNDLE_IDENTIFIER = com.promptchu.CodeTest;
				PRODUCT_NAME = "$(TARGET_NAME)";
				TARGETED_DEVICE_FAMILY = "1,2";
			};
			name = Debug;
		};
		9E2582022395ACF2005B7865 /* Release */ = {
			isa = XCBuildConfiguration;
			baseConfigurationReference = 298773FE899D52CE6428CF52 /* Pods-CodeTest.release.xcconfig */;
			buildSettings = {
				ASSETCATALOG_COMPILER_APPICON_NAME = AppIcon;
				CODE_SIGN_STYLE = Automatic;
				DEVELOPMENT_TEAM = 3N7J2Y6R4Y;
				INFOPLIST_FILE = CodeTest/Info.plist;
				LD_RUNPATH_SEARCH_PATHS = (
					"$(inherited)",
					"@executable_path/Frameworks",
				);
				PRODUCT_BUNDLE_IDENTIFIER = com.promptchu.CodeTest;
				PRODUCT_NAME = "$(TARGET_NAME)";
				TARGETED_DEVICE_FAMILY = "1,2";
			};
			name = Release;
		};
		9E2582042395ACF2005B7865 /* Debug */ = {
			isa = XCBuildConfiguration;
			baseConfigurationReference = 44789B6081AAB90D080B6026 /* Pods-CodeTestTests.debug.xcconfig */;
			buildSettings = {
				BUNDLE_LOADER = "$(TEST_HOST)";
				CODE_SIGN_STYLE = Automatic;
				DEVELOPMENT_TEAM = 3N7J2Y6R4Y;
				INFOPLIST_FILE = CodeTestTests/Info.plist;
				LD_RUNPATH_SEARCH_PATHS = (
					"$(inherited)",
					"@executable_path/Frameworks",
					"@loader_path/Frameworks",
				);
				PRODUCT_BUNDLE_IDENTIFIER = com.promptchu.CodeTestTests;
				PRODUCT_NAME = "$(TARGET_NAME)";
				TARGETED_DEVICE_FAMILY = "1,2";
				TEST_HOST = "$(BUILT_PRODUCTS_DIR)/CodeTest.app/CodeTest";
			};
			name = Debug;
		};
		9E2582052395ACF2005B7865 /* Release */ = {
			isa = XCBuildConfiguration;
			baseConfigurationReference = 255FBBC7E2E77A25A5F94FFD /* Pods-CodeTestTests.release.xcconfig */;
			buildSettings = {
				BUNDLE_LOADER = "$(TEST_HOST)";
				CODE_SIGN_STYLE = Automatic;
				DEVELOPMENT_TEAM = 3N7J2Y6R4Y;
				INFOPLIST_FILE = CodeTestTests/Info.plist;
				LD_RUNPATH_SEARCH_PATHS = (
					"$(inherited)",
					"@executable_path/Frameworks",
					"@loader_path/Frameworks",
				);
				PRODUCT_BUNDLE_IDENTIFIER = com.promptchu.CodeTestTests;
				PRODUCT_NAME = "$(TARGET_NAME)";
				TARGETED_DEVICE_FAMILY = "1,2";
				TEST_HOST = "$(BUILT_PRODUCTS_DIR)/CodeTest.app/CodeTest";
			};
			name = Release;
		};
		9E2582072395ACF2005B7865 /* Debug */ = {
			isa = XCBuildConfiguration;
			baseConfigurationReference = BBD44564434F2DDFC4CED36D /* Pods-CodeTestUITests.debug.xcconfig */;
			buildSettings = {
				CODE_SIGN_STYLE = Automatic;
				DEVELOPMENT_TEAM = 3N7J2Y6R4Y;
				INFOPLIST_FILE = CodeTestUITests/Info.plist;
				LD_RUNPATH_SEARCH_PATHS = (
					"$(inherited)",
					"@executable_path/Frameworks",
					"@loader_path/Frameworks",
				);
				PRODUCT_BUNDLE_IDENTIFIER = com.promptchu.CodeTestUITests;
				PRODUCT_NAME = "$(TARGET_NAME)";
				TARGETED_DEVICE_FAMILY = "1,2";
				TEST_TARGET_NAME = CodeTest;
			};
			name = Debug;
		};
		9E2582082395ACF2005B7865 /* Release */ = {
			isa = XCBuildConfiguration;
			baseConfigurationReference = 2315F7DC8CA0001A3AC43917 /* Pods-CodeTestUITests.release.xcconfig */;
			buildSettings = {
				CODE_SIGN_STYLE = Automatic;
				DEVELOPMENT_TEAM = 3N7J2Y6R4Y;
				INFOPLIST_FILE = CodeTestUITests/Info.plist;
				LD_RUNPATH_SEARCH_PATHS = (
					"$(inherited)",
					"@executable_path/Frameworks",
					"@loader_path/Frameworks",
				);
				PRODUCT_BUNDLE_IDENTIFIER = com.promptchu.CodeTestUITests;
				PRODUCT_NAME = "$(TARGET_NAME)";
				TARGETED_DEVICE_FAMILY = "1,2";
				TEST_TARGET_NAME = CodeTest;
			};
			name = Release;
		};
/* End XCBuildConfiguration section */

/* Begin XCConfigurationList section */
		9E2581CF2395ACF1005B7865 /* Build configuration list for PBXProject "CodeTest" */ = {
			isa = XCConfigurationList;
			buildConfigurations = (
				9E2581FE2395ACF2005B7865 /* Debug */,
				9E2581FF2395ACF2005B7865 /* Release */,
			);
			defaultConfigurationIsVisible = 0;
			defaultConfigurationName = Release;
		};
		9E2582002395ACF2005B7865 /* Build configuration list for PBXNativeTarget "CodeTest" */ = {
			isa = XCConfigurationList;
			buildConfigurations = (
				9E2582012395ACF2005B7865 /* Debug */,
				9E2582022395ACF2005B7865 /* Release */,
			);
			defaultConfigurationIsVisible = 0;
			defaultConfigurationName = Release;
		};
		9E2582032395ACF2005B7865 /* Build configuration list for PBXNativeTarget "CodeTestTests" */ = {
			isa = XCConfigurationList;
			buildConfigurations = (
				9E2582042395ACF2005B7865 /* Debug */,
				9E2582052395ACF2005B7865 /* Release */,
			);
			defaultConfigurationIsVisible = 0;
			defaultConfigurationName = Release;
		};
		9E2582062395ACF2005B7865 /* Build configuration list for PBXNativeTarget "CodeTestUITests" */ = {
			isa = XCConfigurationList;
			buildConfigurations = (
				9E2582072395ACF2005B7865 /* Debug */,
				9E2582082395ACF2005B7865 /* Release */,
			);
			defaultConfigurationIsVisible = 0;
			defaultConfigurationName = Release;
		};
/* End XCConfigurationList section */
	};
	rootObject = 9E2581CC2395ACF1005B7865 /* Project object */;
}
